
Microsoft Visual Studio Solution File, Format Version 12.00
# Visual Studio Version 17
VisualStudioVersion = 17.3.32825.248
MinimumVisualStudioVersion = 10.0.40219.1
Project("{9A19103F-16F7-4668-BE54-9A1E7A4F7556}") = "Ods.WebApi", "Ods.WebApi\Ods.WebApi.csproj", "{BBA7FEA2-A80C-456D-A4ED-D1D87CA5B2F0}"
EndProject
Project("{9A19103F-16F7-4668-BE54-9A1E7A4F7556}") = "Ods.Repository", "Ods.Repository\Ods.Repository.csproj", "{47B270D1-4FDD-415D-A8DE-3E2787AD843F}"
EndProject
Project("{9A19103F-16F7-4668-BE54-9A1E7A4F7556}") = "Ods.Common", "Ods.Common\Ods.Common.csproj", "{5462B992-CC93-4D2D-85EE-F603DE0F42AF}"
EndProject
Project("{9A19103F-16F7-4668-BE54-9A1E7A4F7556}") = "Ods.Services", "Ods.Services\Ods.Services.csproj", "{F17786F9-0CAB-467B-B8DF-453461A3F246}"
EndProject
Project("{FAE04EC0-301F-11D3-BF4B-00C04F79EFBC}") = "Ods.EntityFrameworkCore.Host", "Ods.EntityFrameworkCore.Host\Ods.EntityFrameworkCore.Host.csproj", "{AB432578-880B-4FD0-A88C-3B4AC1DE45A2}"
EndProject
Global
	GlobalSection(SolutionConfigurationPlatforms) = preSolution
		Debug|Any CPU = Debug|Any CPU
		Release|Any CPU = Release|Any CPU
	EndGlobalSection
	GlobalSection(ProjectConfigurationPlatforms) = postSolution
		{BBA7FEA2-A80C-456D-A4ED-D1D87CA5B2F0}.Debug|Any CPU.ActiveCfg = Debug|Any CPU
		{BBA7FEA2-A80C-456D-A4ED-D1D87CA5B2F0}.Debug|Any CPU.Build.0 = Debug|Any CPU
		{BBA7FEA2-A80C-456D-A4ED-D1D87CA5B2F0}.Release|Any CPU.ActiveCfg = Release|Any CPU
		{BBA7FEA2-A80C-456D-A4ED-D1D87CA5B2F0}.Release|Any CPU.Build.0 = Release|Any CPU
		{47B270D1-4FDD-415D-A8DE-3E2787AD843F}.Debug|Any CPU.ActiveCfg = Debug|Any CPU
		{47B270D1-4FDD-415D-A8DE-3E2787AD843F}.Debug|Any CPU.Build.0 = Debug|Any CPU
		{47B270D1-4FDD-415D-A8DE-3E2787AD843F}.Release|Any CPU.ActiveCfg = Release|Any CPU
		{47B270D1-4FDD-415D-A8DE-3E2787AD843F}.Release|Any CPU.Build.0 = Release|Any CPU
		{5462B992-CC93-4D2D-85EE-F603DE0F42AF}.Debug|Any CPU.ActiveCfg = Debug|Any CPU
		{5462B992-CC93-4D2D-85EE-F603DE0F42AF}.Debug|Any CPU.Build.0 = Debug|Any CPU
		{5462B992-CC93-4D2D-85EE-F603DE0F42AF}.Release|Any CPU.ActiveCfg = Release|Any CPU
		{5462B992-CC93-4D2D-85EE-F603DE0F42AF}.Release|Any CPU.Build.0 = Release|Any CPU
		{F17786F9-0CAB-467B-B8DF-453461A3F246}.Debug|Any CPU.ActiveCfg = Debug|Any CPU
		{F17786F9-0CAB-467B-B8DF-453461A3F246}.Debug|Any CPU.Build.0 = Debug|Any CPU
		{F17786F9-0CAB-467B-B8DF-453461A3F246}.Release|Any CPU.ActiveCfg = Release|Any CPU
		{F17786F9-0CAB-467B-B8DF-453461A3F246}.Release|Any CPU.Build.0 = Release|Any CPU
		{AB432578-880B-4FD0-A88C-3B4AC1DE45A2}.Debug|Any CPU.ActiveCfg = Debug|Any CPU
		{AB432578-880B-4FD0-A88C-3B4AC1DE45A2}.Debug|Any CPU.Build.0 = Debug|Any CPU
		{AB432578-880B-4FD0-A88C-3B4AC1DE45A2}.Release|Any CPU.ActiveCfg = Release|Any CPU
		{AB432578-880B-4FD0-A88C-3B4AC1DE45A2}.Release|Any CPU.Build.0 = Release|Any CPU
	EndGlobalSection
	GlobalSection(SolutionProperties) = preSolution
		HideSolutionNode = FALSE
	EndGlobalSection
	GlobalSection(ExtensibilityGlobals) = postSolution
		SolutionGuid = {D56D3E2E-44D3-47B0-992D-E9944797870C}
	EndGlobalSection
EndGlobal
